
Microsoft Visual Studio Solution File, Format Version 12.00
# Visual Studio Version 17
VisualStudioVersion = 17.2.32519.379
MinimumVisualStudioVersion = 10.0.40219.1
Project("{FAE04EC0-301F-11D3-BF4B-00C04F79EFBC}") = "Empresa", "Empresa\Empresa.csproj", "{4097408C-D7E5-44BE-90CC-FC03003B20D0}"
EndProject
Global
	GlobalSection(SolutionConfigurationPlatforms) = preSolution
		Debug|Any CPU = Debug|Any CPU
		Release|Any CPU = Release|Any CPU
	EndGlobalSection
	GlobalSection(ProjectConfigurationPlatforms) = postSolution
		{4097408C-D7E5-44BE-90CC-FC03003B20D0}.Debug|Any CPU.ActiveCfg = Debug|Any CPU
		{4097408C-D7E5-44BE-90CC-FC03003B20D0}.Debug|Any CPU.Build.0 = Debug|Any CPU
		{4097408C-D7E5-44BE-90CC-FC03003B20D0}.Release|Any CPU.ActiveCfg = Release|Any CPU
		{4097408C-D7E5-44BE-90CC-FC03003B20D0}.Release|Any CPU.Build.0 = Release|Any CPU
	EndGlobalSection
	GlobalSection(SolutionProperties) = preSolution
		HideSolutionNode = FALSE
	EndGlobalSection
	GlobalSection(ExtensibilityGlobals) = postSolution
		SolutionGuid = {845C2D52-21E2-4B06-9B9B-3CD68029F3D4}
	EndGlobalSection
EndGlobal
